// !$*UTF8*$!
{
	archiveVersion = 1;
	classes = {
	};
	objectVersion = 46;
	objects = {

/* Begin PBXBuildFile section */
		2F58A99A1C76A9D500D346F3 /* main.m in Sources */ = {isa = PBXBuildFile; fileRef = 2F58A9991C76A9D500D346F3 /* main.m */; };
		2F58A99D1C76A9D500D346F3 /* AppDelegate.m in Sources */ = {isa = PBXBuildFile; fileRef = 2F58A99C1C76A9D500D346F3 /* AppDelegate.m */; };
		2F58A9A01C76A9D500D346F3 /* ViewController.m in Sources */ = {isa = PBXBuildFile; fileRef = 2F58A99F1C76A9D500D346F3 /* ViewController.m */; };
		2F58A9A31C76A9D500D346F3 /* Main.storyboard in Resources */ = {isa = PBXBuildFile; fileRef = 2F58A9A11C76A9D500D346F3 /* Main.storyboard */; };
		2F58A9A51C76A9D500D346F3 /* Assets.xcassets in Resources */ = {isa = PBXBuildFile; fileRef = 2F58A9A41C76A9D500D346F3 /* Assets.xcassets */; };
		2F58A9A81C76A9D500D346F3 /* LaunchScreen.storyboard in Resources */ = {isa = PBXBuildFile; fileRef = 2F58A9A61C76A9D500D346F3 /* LaunchScreen.storyboard */; };
		2F58A9B31C76A9D500D346F3 /* quancaijiTests.m in Sources */ = {isa = PBXBuildFile; fileRef = 2F58A9B21C76A9D500D346F3 /* quancaijiTests.m */; };
		2F58A9BE1C76A9D500D346F3 /* quancaijiUITests.m in Sources */ = {isa = PBXBuildFile; fileRef = 2F58A9BD1C76A9D500D346F3 /* quancaijiUITests.m */; };
		2F58A9CD1C76AAD100D346F3 /* TraverseViewC.m in Sources */ = {isa = PBXBuildFile; fileRef = 2F58A9CC1C76AAD100D346F3 /* TraverseViewC.m */; };
		2F58A9D01C76AE4100D346F3 /* NextViewController.m in Sources */ = {isa = PBXBuildFile; fileRef = 2F58A9CF1C76AE4100D346F3 /* NextViewController.m */; };
		2F7B53601C7AA9EC006B619D /* Lotuseed.m in Sources */ = {isa = PBXBuildFile; fileRef = 2F7B535F1C7AA9EC006B619D /* Lotuseed.m */; };
		2F7B53641C7AF2BF006B619D /* ABStractABTestingDesignerMessage.m in Sources */ = {isa = PBXBuildFile; fileRef = 2F7B53631C7AF2BF006B619D /* ABStractABTestingDesignerMessage.m */; };
/* End PBXBuildFile section */

/* Begin PBXContainerItemProxy section */
		2F58A9AF1C76A9D500D346F3 /* PBXContainerItemProxy */ = {
			isa = PBXContainerItemProxy;
			containerPortal = 2F58A98D1C76A9D500D346F3 /* Project object */;
			proxyType = 1;
			remoteGlobalIDString = 2F58A9941C76A9D500D346F3;
			remoteInfo = quancaiji;
		};
		2F58A9BA1C76A9D500D346F3 /* PBXContainerItemProxy */ = {
			isa = PBXContainerItemProxy;
			containerPortal = 2F58A98D1C76A9D500D346F3 /* Project object */;
			proxyType = 1;
			remoteGlobalIDString = 2F58A9941C76A9D500D346F3;
			remoteInfo = quancaiji;
		};
/* End PBXContainerItemProxy section */

/* Begin PBXFileReference section */
		2F58A9951C76A9D500D346F3 /* quancaiji.app */ = {isa = PBXFileReference; explicitFileType = wrapper.application; includeInIndex = 0; path = quancaiji.app; sourceTree = BUILT_PRODUCTS_DIR; };
		2F58A9991C76A9D500D346F3 /* main.m */ = {isa = PBXFileReference; lastKnownFileType = sourcecode.c.objc; path = main.m; sourceTree = "<group>"; };
		2F58A99B1C76A9D500D346F3 /* AppDelegate.h */ = {isa = PBXFileReference; lastKnownFileType = sourcecode.c.h; path = AppDelegate.h; sourceTree = "<group>"; };
		2F58A99C1C76A9D500D346F3 /* AppDelegate.m */ = {isa = PBXFileReference; lastKnownFileType = sourcecode.c.objc; path = AppDelegate.m; sourceTree = "<group>"; };
		2F58A99E1C76A9D500D346F3 /* ViewController.h */ = {isa = PBXFileReference; lastKnownFileType = sourcecode.c.h; path = ViewController.h; sourceTree = "<group>"; };
		2F58A99F1C76A9D500D346F3 /* ViewController.m */ = {isa = PBXFileReference; lastKnownFileType = sourcecode.c.objc; path = ViewController.m; sourceTree = "<group>"; };
		2F58A9A21C76A9D500D346F3 /* Base */ = {isa = PBXFileReference; lastKnownFileType = file.storyboard; name = Base; path = Base.lproj/Main.storyboard; sourceTree = "<group>"; };
		2F58A9A41C76A9D500D346F3 /* Assets.xcassets */ = {isa = PBXFileReference; lastKnownFileType = folder.assetcatalog; path = Assets.xcassets; sourceTree = "<group>"; };
		2F58A9A71C76A9D500D346F3 /* Base */ = {isa = PBXFileReference; lastKnownFileType = file.storyboard; name = Base; path = Base.lproj/LaunchScreen.storyboard; sourceTree = "<group>"; };
		2F58A9A91C76A9D500D346F3 /* Info.plist */ = {isa = PBXFileReference; lastKnownFileType = text.plist.xml; path = Info.plist; sourceTree = "<group>"; };
		2F58A9AE1C76A9D500D346F3 /* quancaijiTests.xctest */ = {isa = PBXFileReference; explicitFileType = wrapper.cfbundle; includeInIndex = 0; path = quancaijiTests.xctest; sourceTree = BUILT_PRODUCTS_DIR; };
		2F58A9B21C76A9D500D346F3 /* quancaijiTests.m */ = {isa = PBXFileReference; lastKnownFileType = sourcecode.c.objc; path = quancaijiTests.m; sourceTree = "<group>"; };
		2F58A9B41C76A9D500D346F3 /* Info.plist */ = {isa = PBXFileReference; lastKnownFileType = text.plist.xml; path = Info.plist; sourceTree = "<group>"; };
		2F58A9B91C76A9D500D346F3 /* quancaijiUITests.xctest */ = {isa = PBXFileReference; explicitFileType = wrapper.cfbundle; includeInIndex = 0; path = quancaijiUITests.xctest; sourceTree = BUILT_PRODUCTS_DIR; };
		2F58A9BD1C76A9D500D346F3 /* quancaijiUITests.m */ = {isa = PBXFileReference; lastKnownFileType = sourcecode.c.objc; path = quancaijiUITests.m; sourceTree = "<group>"; };
		2F58A9BF1C76A9D500D346F3 /* Info.plist */ = {isa = PBXFileReference; lastKnownFileType = text.plist.xml; path = Info.plist; sourceTree = "<group>"; };
		2F58A9CB1C76AAD100D346F3 /* TraverseViewC.h */ = {isa = PBXFileReference; fileEncoding = 4; lastKnownFileType = sourcecode.c.h; path = TraverseViewC.h; sourceTree = "<group>"; };
		2F58A9CC1C76AAD100D346F3 /* TraverseViewC.m */ = {isa = PBXFileReference; fileEncoding = 4; lastKnownFileType = sourcecode.c.objc; path = TraverseViewC.m; sourceTree = "<group>"; };
		2F58A9CE1C76AE4100D346F3 /* NextViewController.h */ = {isa = PBXFileReference; fileEncoding = 4; lastKnownFileType = sourcecode.c.h; path = NextViewController.h; sourceTree = "<group>"; };
		2F58A9CF1C76AE4100D346F3 /* NextViewController.m */ = {isa = PBXFileReference; fileEncoding = 4; lastKnownFileType = sourcecode.c.objc; path = NextViewController.m; sourceTree = "<group>"; };
		2F7B535E1C7AA9EC006B619D /* Lotuseed.h */ = {isa = PBXFileReference; fileEncoding = 4; lastKnownFileType = sourcecode.c.h; path = Lotuseed.h; sourceTree = "<group>"; };
		2F7B535F1C7AA9EC006B619D /* Lotuseed.m */ = {isa = PBXFileReference; fileEncoding = 4; lastKnownFileType = sourcecode.c.objc; path = Lotuseed.m; sourceTree = "<group>"; };
		2F7B53611C7AF16B006B619D /* ABTestDesignerMessage.h */ = {isa = PBXFileReference; fileEncoding = 4; lastKnownFileType = sourcecode.c.h; path = ABTestDesignerMessage.h; sourceTree = "<group>"; };
		2F7B53621C7AF2BF006B619D /* ABStractABTestingDesignerMessage.h */ = {isa = PBXFileReference; fileEncoding = 4; lastKnownFileType = sourcecode.c.h; path = ABStractABTestingDesignerMessage.h; sourceTree = "<group>"; };
		2F7B53631C7AF2BF006B619D /* ABStractABTestingDesignerMessage.m */ = {isa = PBXFileReference; fileEncoding = 4; lastKnownFileType = sourcecode.c.objc; path = ABStractABTestingDesignerMessage.m; sourceTree = "<group>"; };
/* End PBXFileReference section */

/* Begin PBXFrameworksBuildPhase section */
		2F58A9921C76A9D500D346F3 /* Frameworks */ = {
			isa = PBXFrameworksBuildPhase;
			buildActionMask = 2147483647;
			files = (
			);
			runOnlyForDeploymentPostprocessing = 0;
		};
		2F58A9AB1C76A9D500D346F3 /* Frameworks */ = {
			isa = PBXFrameworksBuildPhase;
			buildActionMask = 2147483647;
			files = (
			);
			runOnlyForDeploymentPostprocessing = 0;
		};
		2F58A9B61C76A9D500D346F3 /* Frameworks */ = {
			isa = PBXFrameworksBuildPhase;
			buildActionMask = 2147483647;
			files = (
			);
			runOnlyForDeploymentPostprocessing = 0;
		};
/* End PBXFrameworksBuildPhase section */

/* Begin PBXGroup section */
		2F58A98C1C76A9D500D346F3 = {
			isa = PBXGroup;
			children = (
				2F58A9971C76A9D500D346F3 /* quancaiji */,
				2F58A9B11C76A9D500D346F3 /* quancaijiTests */,
				2F58A9BC1C76A9D500D346F3 /* quancaijiUITests */,
				2F58A9961C76A9D500D346F3 /* Products */,
			);
			sourceTree = "<group>";
		};
		2F58A9961C76A9D500D346F3 /* Products */ = {
			isa = PBXGroup;
			children = (
				2F58A9951C76A9D500D346F3 /* quancaiji.app */,
				2F58A9AE1C76A9D500D346F3 /* quancaijiTests.xctest */,
				2F58A9B91C76A9D500D346F3 /* quancaijiUITests.xctest */,
			);
			name = Products;
			sourceTree = "<group>";
		};
		2F58A9971C76A9D500D346F3 /* quancaiji */ = {
			isa = PBXGroup;
			children = (
				2F58A99B1C76A9D500D346F3 /* AppDelegate.h */,
				2F58A99C1C76A9D500D346F3 /* AppDelegate.m */,
				2F58A99E1C76A9D500D346F3 /* ViewController.h */,
				2F58A99F1C76A9D500D346F3 /* ViewController.m */,
				2F58A9CE1C76AE4100D346F3 /* NextViewController.h */,
				2F58A9CF1C76AE4100D346F3 /* NextViewController.m */,
				2F58A9CB1C76AAD100D346F3 /* TraverseViewC.h */,
				2F58A9CC1C76AAD100D346F3 /* TraverseViewC.m */,
				2F7B535E1C7AA9EC006B619D /* Lotuseed.h */,
				2F7B535F1C7AA9EC006B619D /* Lotuseed.m */,
				2F7B53611C7AF16B006B619D /* ABTestDesignerMessage.h */,
				2F7B53621C7AF2BF006B619D /* ABStractABTestingDesignerMessage.h */,
				2F7B53631C7AF2BF006B619D /* ABStractABTestingDesignerMessage.m */,
				2F58A9A11C76A9D500D346F3 /* Main.storyboard */,
				2F58A9A41C76A9D500D346F3 /* Assets.xcassets */,
				2F58A9A61C76A9D500D346F3 /* LaunchScreen.storyboard */,
				2F58A9A91C76A9D500D346F3 /* Info.plist */,
				2F58A9981C76A9D500D346F3 /* Supporting Files */,
			);
			path = quancaiji;
			sourceTree = "<group>";
		};
		2F58A9981C76A9D500D346F3 /* Supporting Files */ = {
			isa = PBXGroup;
			children = (
				2F58A9991C76A9D500D346F3 /* main.m */,
			);
			name = "Supporting Files";
			sourceTree = "<group>";
		};
		2F58A9B11C76A9D500D346F3 /* quancaijiTests */ = {
			isa = PBXGroup;
			children = (
				2F58A9B21C76A9D500D346F3 /* quancaijiTests.m */,
				2F58A9B41C76A9D500D346F3 /* Info.plist */,
			);
			path = quancaijiTests;
			sourceTree = "<group>";
		};
		2F58A9BC1C76A9D500D346F3 /* quancaijiUITests */ = {
			isa = PBXGroup;
			children = (
				2F58A9BD1C76A9D500D346F3 /* quancaijiUITests.m */,
				2F58A9BF1C76A9D500D346F3 /* Info.plist */,
			);
			path = quancaijiUITests;
			sourceTree = "<group>";
		};
/* End PBXGroup section */

/* Begin PBXNativeTarget section */
		2F58A9941C76A9D500D346F3 /* quancaiji */ = {
			isa = PBXNativeTarget;
			buildConfigurationList = 2F58A9C21C76A9D500D346F3 /* Build configuration list for PBXNativeTarget "quancaiji" */;
			buildPhases = (
				2F58A9911C76A9D500D346F3 /* Sources */,
				2F58A9921C76A9D500D346F3 /* Frameworks */,
				2F58A9931C76A9D500D346F3 /* Resources */,
			);
			buildRules = (
			);
			dependencies = (
			);
			name = quancaiji;
			productName = quancaiji;
			productReference = 2F58A9951C76A9D500D346F3 /* quancaiji.app */;
			productType = "com.apple.product-type.application";
		};
		2F58A9AD1C76A9D500D346F3 /* quancaijiTests */ = {
			isa = PBXNativeTarget;
			buildConfigurationList = 2F58A9C51C76A9D500D346F3 /* Build configuration list for PBXNativeTarget "quancaijiTests" */;
			buildPhases = (
				2F58A9AA1C76A9D500D346F3 /* Sources */,
				2F58A9AB1C76A9D500D346F3 /* Frameworks */,
				2F58A9AC1C76A9D500D346F3 /* Resources */,
			);
			buildRules = (
			);
			dependencies = (
				2F58A9B01C76A9D500D346F3 /* PBXTargetDependency */,
			);
			name = quancaijiTests;
			productName = quancaijiTests;
			productReference = 2F58A9AE1C76A9D500D346F3 /* quancaijiTests.xctest */;
			productType = "com.apple.product-type.bundle.unit-test";
		};
		2F58A9B81C76A9D500D346F3 /* quancaijiUITests */ = {
			isa = PBXNativeTarget;
			buildConfigurationList = 2F58A9C81C76A9D500D346F3 /* Build configuration list for PBXNativeTarget "quancaijiUITests" */;
			buildPhases = (
				2F58A9B51C76A9D500D346F3 /* Sources */,
				2F58A9B61C76A9D500D346F3 /* Frameworks */,
				2F58A9B71C76A9D500D346F3 /* Resources */,
			);
			buildRules = (
			);
			dependencies = (
				2F58A9BB1C76A9D500D346F3 /* PBXTargetDependency */,
			);
			name = quancaijiUITests;
			productName = quancaijiUITests;
			productReference = 2F58A9B91C76A9D500D346F3 /* quancaijiUITests.xctest */;
			productType = "com.apple.product-type.bundle.ui-testing";
		};
/* End PBXNativeTarget section */

/* Begin PBXProject section */
		2F58A98D1C76A9D500D346F3 /* Project object */ = {
			isa = PBXProject;
			attributes = {
				LastUpgradeCheck = 0720;
				ORGANIZATIONNAME = "杨";
				TargetAttributes = {
					2F58A9941C76A9D500D346F3 = {
						CreatedOnToolsVersion = 7.2.1;
						DevelopmentTeam = 2AS3QQH594;
					};
					2F58A9AD1C76A9D500D346F3 = {
						CreatedOnToolsVersion = 7.2.1;
						DevelopmentTeam = 2AS3QQH594;
						TestTargetID = 2F58A9941C76A9D500D346F3;
					};
					2F58A9B81C76A9D500D346F3 = {
						CreatedOnToolsVersion = 7.2.1;
						DevelopmentTeam = 2AS3QQH594;
						TestTargetID = 2F58A9941C76A9D500D346F3;
					};
				};
			};
			buildConfigurationList = 2F58A9901C76A9D500D346F3 /* Build configuration list for PBXProject "quancaiji" */;
			compatibilityVersion = "Xcode 3.2";
			developmentRegion = English;
			hasScannedForEncodings = 0;
			knownRegions = (
				en,
				Base,
			);
			mainGroup = 2F58A98C1C76A9D500D346F3;
			productRefGroup = 2F58A9961C76A9D500D346F3 /* Products */;
			projectDirPath = "";
			projectRoot = "";
			targets = (
				2F58A9941C76A9D500D346F3 /* quancaiji */,
				2F58A9AD1C76A9D500D346F3 /* quancaijiTests */,
				2F58A9B81C76A9D500D346F3 /* quancaijiUITests */,
			);
		};
/* End PBXProject section */

/* Begin PBXResourcesBuildPhase section */
		2F58A9931C76A9D500D346F3 /* Resources */ = {
			isa = PBXResourcesBuildPhase;
			buildActionMask = 2147483647;
			files = (
				2F58A9A81C76A9D500D346F3 /* LaunchScreen.storyboard in Resources */,
				2F58A9A51C76A9D500D346F3 /* Assets.xcassets in Resources */,
				2F58A9A31C76A9D500D346F3 /* Main.storyboard in Resources */,
			);
			runOnlyForDeploymentPostprocessing = 0;
		};
		2F58A9AC1C76A9D500D346F3 /* Resources */ = {
			isa = PBXResourcesBuildPhase;
			buildActionMask = 2147483647;
			files = (
			);
			runOnlyForDeploymentPostprocessing = 0;
		};
		2F58A9B71C76A9D500D346F3 /* Resources */ = {
			isa = PBXResourcesBuildPhase;
			buildActionMask = 2147483647;
			files = (
			);
			runOnlyForDeploymentPostprocessing = 0;
		};
/* End PBXResourcesBuildPhase section */

/* Begin PBXSourcesBuildPhase section */
		2F58A9911C76A9D500D346F3 /* Sources */ = {
			isa = PBXSourcesBuildPhase;
			buildActionMask = 2147483647;
			files = (
				2F7B53601C7AA9EC006B619D /* Lotuseed.m in Sources */,
				2F58A9D01C76AE4100D346F3 /* NextViewController.m in Sources */,
				2F58A9CD1C76AAD100D346F3 /* TraverseViewC.m in Sources */,
				2F58A9A01C76A9D500D346F3 /* ViewController.m in Sources */,
				2F58A99D1C76A9D500D346F3 /* AppDelegate.m in Sources */,
				2F7B53641C7AF2BF006B619D /* ABStractABTestingDesignerMessage.m in Sources */,
				2F58A99A1C76A9D500D346F3 /* main.m in Sources */,
			);
			runOnlyForDeploymentPostprocessing = 0;
		};
		2F58A9AA1C76A9D500D346F3 /* Sources */ = {
			isa = PBXSourcesBuildPhase;
			buildActionMask = 2147483647;
			files = (
				2F58A9B31C76A9D500D346F3 /* quancaijiTests.m in Sources */,
			);
			runOnlyForDeploymentPostprocessing = 0;
		};
		2F58A9B51C76A9D500D346F3 /* Sources */ = {
			isa = PBXSourcesBuildPhase;
			buildActionMask = 2147483647;
			files = (
				2F58A9BE1C76A9D500D346F3 /* quancaijiUITests.m in Sources */,
			);
			runOnlyForDeploymentPostprocessing = 0;
		};
/* End PBXSourcesBuildPhase section */

/* Begin PBXTargetDependency section */
		2F58A9B01C76A9D500D346F3 /* PBXTargetDependency */ = {
			isa = PBXTargetDependency;
			target = 2F58A9941C76A9D500D346F3 /* quancaiji */;
			targetProxy = 2F58A9AF1C76A9D500D346F3 /* PBXContainerItemProxy */;
		};
		2F58A9BB1C76A9D500D346F3 /* PBXTargetDependency */ = {
			isa = PBXTargetDependency;
			target = 2F58A9941C76A9D500D346F3 /* quancaiji */;
			targetProxy = 2F58A9BA1C76A9D500D346F3 /* PBXContainerItemProxy */;
		};
/* End PBXTargetDependency section */

/* Begin PBXVariantGroup section */
		2F58A9A11C76A9D500D346F3 /* Main.storyboard */ = {
			isa = PBXVariantGroup;
			children = (
				2F58A9A21C76A9D500D346F3 /* Base */,
			);
			name = Main.storyboard;
			sourceTree = "<group>";
		};
		2F58A9A61C76A9D500D346F3 /* LaunchScreen.storyboard */ = {
			isa = PBXVariantGroup;
			children = (
				2F58A9A71C76A9D500D346F3 /* Base */,
			);
			name = LaunchScreen.storyboard;
			sourceTree = "<group>";
		};
/* End PBXVariantGroup section */

/* Begin XCBuildConfiguration section */
		2F58A9C01C76A9D500D346F3 /* Debug */ = {
			isa = XCBuildConfiguration;
			buildSettings = {
				ALWAYS_SEARCH_USER_PATHS = NO;
				CLANG_CXX_LANGUAGE_STANDARD = "gnu++0x";
				CLANG_CXX_LIBRARY = "libc++";
				CLANG_ENABLE_MODULES = YES;
				CLANG_ENABLE_OBJC_ARC = YES;
				CLANG_WARN_BOOL_CONVERSION = YES;
				CLANG_WARN_CONSTANT_CONVERSION = YES;
				CLANG_WARN_DIRECT_OBJC_ISA_USAGE = YES_ERROR;
				CLANG_WARN_EMPTY_BODY = YES;
				CLANG_WARN_ENUM_CONVERSION = YES;
				CLANG_WARN_INT_CONVERSION = YES;
				CLANG_WARN_OBJC_ROOT_CLASS = YES_ERROR;
				CLANG_WARN_UNREACHABLE_CODE = YES;
				CLANG_WARN__DUPLICATE_METHOD_MATCH = YES;
				"CODE_SIGN_IDENTITY[sdk=iphoneos*]" = "iPhone Developer";
				COPY_PHASE_STRIP = NO;
				DEBUG_INFORMATION_FORMAT = dwarf;
				ENABLE_STRICT_OBJC_MSGSEND = YES;
				ENABLE_TESTABILITY = YES;
				GCC_C_LANGUAGE_STANDARD = gnu99;
				GCC_DYNAMIC_NO_PIC = NO;
				GCC_NO_COMMON_BLOCKS = YES;
				GCC_OPTIMIZATION_LEVEL = 0;
				GCC_PREPROCESSOR_DEFINITIONS = (
					"DEBUG=1",
					"$(inherited)",
				);
				GCC_WARN_64_TO_32_BIT_CONVERSION = YES;
				GCC_WARN_ABOUT_RETURN_TYPE = YES_ERROR;
				GCC_WARN_UNDECLARED_SELECTOR = YES;
				GCC_WARN_UNINITIALIZED_AUTOS = YES_AGGRESSIVE;
				GCC_WARN_UNUSED_FUNCTION = YES;
				GCC_WARN_UNUSED_VARIABLE = YES;
				IPHONEOS_DEPLOYMENT_TARGET = 9.2;
				MTL_ENABLE_DEBUG_INFO = YES;
				ONLY_ACTIVE_ARCH = YES;
				SDKROOT = iphoneos;
				TARGETED_DEVICE_FAMILY = "1,2";
			};
			name = Debug;
		};
		2F58A9C11C76A9D500D346F3 /* Release */ = {
			isa = XCBuildConfiguration;
			buildSettings = {
				ALWAYS_SEARCH_USER_PATHS = NO;
				CLANG_CXX_LANGUAGE_STANDARD = "gnu++0x";
				CLANG_CXX_LIBRARY = "libc++";
				CLANG_ENABLE_MODULES = YES;
				CLANG_ENABLE_OBJC_ARC = YES;
				CLANG_WARN_BOOL_CONVERSION = YES;
				CLANG_WARN_CONSTANT_CONVERSION = YES;
				CLANG_WARN_DIRECT_OBJC_ISA_USAGE = YES_ERROR;
				CLANG_WARN_EMPTY_BODY = YES;
				CLANG_WARN_ENUM_CONVERSION = YES;
				CLANG_WARN_INT_CONVERSION = YES;
				CLANG_WARN_OBJC_ROOT_CLASS = YES_ERROR;
				CLANG_WARN_UNREACHABLE_CODE = YES;
				CLANG_WARN__DUPLICATE_METHOD_MATCH = YES;
				"CODE_SIGN_IDENTITY[sdk=iphoneos*]" = "iPhone Developer";
				COPY_PHASE_STRIP = NO;
				DEBUG_INFORMATION_FORMAT = "dwarf-with-dsym";
				ENABLE_NS_ASSERTIONS = NO;
				ENABLE_STRICT_OBJC_MSGSEND = YES;
				GCC_C_LANGUAGE_STANDARD = gnu99;
				GCC_NO_COMMON_BLOCKS = YES;
				GCC_WARN_64_TO_32_BIT_CONVERSION = YES;
				GCC_WARN_ABOUT_RETURN_TYPE = YES_ERROR;
				GCC_WARN_UNDECLARED_SELECTOR = YES;
				GCC_WARN_UNINITIALIZED_AUTOS = YES_AGGRESSIVE;
				GCC_WARN_UNUSED_FUNCTION = YES;
				GCC_WARN_UNUSED_VARIABLE = YES;
				IPHONEOS_DEPLOYMENT_TARGET = 9.2;
				MTL_ENABLE_DEBUG_INFO = NO;
				SDKROOT = iphoneos;
				TARGETED_DEVICE_FAMILY = "1,2";
				VALIDATE_PRODUCT = YES;
			};
			name = Release;
		};
		2F58A9C31C76A9D500D346F3 /* Debug */ = {
			isa = XCBuildConfiguration;
			buildSettings = {
				ASSETCATALOG_COMPILER_APPICON_NAME = AppIcon;
				INFOPLIST_FILE = quancaiji/Info.plist;
				LD_RUNPATH_SEARCH_PATHS = "$(inherited) @executable_path/Frameworks";
				PRODUCT_BUNDLE_IDENTIFIER = Lotuseed.quancaiji;
				PRODUCT_NAME = "$(TARGET_NAME)";
			};
			name = Debug;
		};
		2F58A9C41C76A9D500D346F3 /* Release */ = {
			isa = XCBuildConfiguration;
			buildSettings = {
				ASSETCATALOG_COMPILER_APPICON_NAME = AppIcon;
				INFOPLIST_FILE = quancaiji/Info.plist;
				LD_RUNPATH_SEARCH_PATHS = "$(inherited) @executable_path/Frameworks";
				PRODUCT_BUNDLE_IDENTIFIER = Lotuseed.quancaiji;
				PRODUCT_NAME = "$(TARGET_NAME)";
			};
			name = Release;
		};
		2F58A9C61C76A9D500D346F3 /* Debug */ = {
			isa = XCBuildConfiguration;
			buildSettings = {
				BUNDLE_LOADER = "$(TEST_HOST)";
				INFOPLIST_FILE = quancaijiTests/Info.plist;
				LD_RUNPATH_SEARCH_PATHS = "$(inherited) @executable_path/Frameworks @loader_path/Frameworks";
				PRODUCT_BUNDLE_IDENTIFIER = Lotuseed.quancaijiTests;
				PRODUCT_NAME = "$(TARGET_NAME)";
				TEST_HOST = "$(BUILT_PRODUCTS_DIR)/quancaiji.app/quancaiji";
			};
			name = Debug;
		};
		2F58A9C71C76A9D500D346F3 /* Release */ = {
			isa = XCBuildConfiguration;
			buildSettings = {
				BUNDLE_LOADER = "$(TEST_HOST)";
				INFOPLIST_FILE = quancaijiTests/Info.plist;
				LD_RUNPATH_SEARCH_PATHS = "$(inherited) @executable_path/Frameworks @loader_path/Frameworks";
				PRODUCT_BUNDLE_IDENTIFIER = Lotuseed.quancaijiTests;
				PRODUCT_NAME = "$(TARGET_NAME)";
				TEST_HOST = "$(BUILT_PRODUCTS_DIR)/quancaiji.app/quancaiji";
			};
			name = Release;
		};
		2F58A9C91C76A9D500D346F3 /* Debug */ = {
			isa = XCBuildConfiguration;
			buildSettings = {
				INFOPLIST_FILE = quancaijiUITests/Info.plist;
				LD_RUNPATH_SEARCH_PATHS = "$(inherited) @executable_path/Frameworks @loader_path/Frameworks";
				PRODUCT_BUNDLE_IDENTIFIER = Lotuseed.quancaijiUITests;
				PRODUCT_NAME = "$(TARGET_NAME)";
				TEST_TARGET_NAME = quancaiji;
				USES_XCTRUNNER = YES;
			};
			name = Debug;
		};
		2F58A9CA1C76A9D500D346F3 /* Release */ = {
			isa = XCBuildConfiguration;
			buildSettings = {
				INFOPLIST_FILE = quancaijiUITests/Info.plist;
				LD_RUNPATH_SEARCH_PATHS = "$(inherited) @executable_path/Frameworks @loader_path/Frameworks";
				PRODUCT_BUNDLE_IDENTIFIER = Lotuseed.quancaijiUITests;
				PRODUCT_NAME = "$(TARGET_NAME)";
				TEST_TARGET_NAME = quancaiji;
				USES_XCTRUNNER = YES;
			};
			name = Release;
		};
/* End XCBuildConfiguration section */

/* Begin XCConfigurationList section */
		2F58A9901C76A9D500D346F3 /* Build configuration list for PBXProject "quancaiji" */ = {
			isa = XCConfigurationList;
			buildConfigurations = (
				2F58A9C01C76A9D500D346F3 /* Debug */,
				2F58A9C11C76A9D500D346F3 /* Release */,
			);
			defaultConfigurationIsVisible = 0;
			defaultConfigurationName = Release;
		};
		2F58A9C21C76A9D500D346F3 /* Build configuration list for PBXNativeTarget "quancaiji" */ = {
			isa = XCConfigurationList;
			buildConfigurations = (
				2F58A9C31C76A9D500D346F3 /* Debug */,
				2F58A9C41C76A9D500D346F3 /* Release */,
			);
			defaultConfigurationIsVisible = 0;
			defaultConfigurationName = Release;
		};
		2F58A9C51C76A9D500D346F3 /* Build configuration list for PBXNativeTarget "quancaijiTests" */ = {
			isa = XCConfigurationList;
			buildConfigurations = (
				2F58A9C61C76A9D500D346F3 /* Debug */,
				2F58A9C71C76A9D500D346F3 /* Release */,
			);
			defaultConfigurationIsVisible = 0;
			defaultConfigurationName = Release;
		};
		2F58A9C81C76A9D500D346F3 /* Build configuration list for PBXNativeTarget "quancaijiUITests" */ = {
			isa = XCConfigurationList;
			buildConfigurations = (
				2F58A9C91C76A9D500D346F3 /* Debug */,
				2F58A9CA1C76A9D500D346F3 /* Release */,
			);
			defaultConfigurationIsVisible = 0;
			defaultConfigurationName = Release;
		};
/* End XCConfigurationList section */
	};
	rootObject = 2F58A98D1C76A9D500D346F3 /* Project object */;
}
